
Microsoft Visual Studio Solution File, Format Version 12.00
# Visual Studio Version 17
VisualStudioVersion = 17.14.36518.9 d17.14
MinimumVisualStudioVersion = 10.0.40219.1
Project("{FAE04EC0-301F-11D3-BF4B-00C04F79EFBC}") = "lab2", "lab2\lab2.csproj", "{CC3CDF82-3C6F-4EAA-AE61-F55C49F0D3FC}"
EndProject
Global
	GlobalSection(SolutionConfigurationPlatforms) = preSolution
		Debug|Any CPU = Debug|Any CPU
		Release|Any CPU = Release|Any CPU
	EndGlobalSection
	GlobalSection(ProjectConfigurationPlatforms) = postSolution
		{CC3CDF82-3C6F-4EAA-AE61-F55C49F0D3FC}.Debug|Any CPU.ActiveCfg = Debug|Any CPU
		{CC3CDF82-3C6F-4EAA-AE61-F55C49F0D3FC}.Debug|Any CPU.Build.0 = Debug|Any CPU
		{CC3CDF82-3C6F-4EAA-AE61-F55C49F0D3FC}.Release|Any CPU.ActiveCfg = Release|Any CPU
		{CC3CDF82-3C6F-4EAA-AE61-F55C49F0D3FC}.Release|Any CPU.Build.0 = Release|Any CPU
	EndGlobalSection
	GlobalSection(SolutionProperties) = preSolution
		HideSolutionNode = FALSE
	EndGlobalSection
	GlobalSection(ExtensibilityGlobals) = postSolution
		SolutionGuid = {2E3B36EB-9731-45BA-A58F-DA664B8CF9B2}
	EndGlobalSection
EndGlobal
